// !$*UTF8*$!
{
	archiveVersion = 1;
	classes = {
	};
	objectVersion = 54;
	objects = {

/* Begin PBXBuildFile section */
		00E356F31AD99517003FC87E /* velocity_taskTests.m in Sources */ = {isa = PBXBuildFile; fileRef = 00E356F21AD99517003FC87E /* velocity_taskTests.m */; };
		0C771B51D885B90912D0EF4C /* PrivacyInfo.xcprivacy in Resources */ = {isa = PBXBuildFile; fileRef = 3DCC6A87005E98D33CDE3FE3 /* PrivacyInfo.xcprivacy */; };
		0C80B921A6F3F58F76C31292 /* libPods-velocity_task.a in Frameworks */ = {isa = PBXBuildFile; fileRef = 5DCACB8F33CDC322A6C60F78 /* libPods-velocity_task.a */; };
		13B07FBC1A68108700A75B9A /* AppDelegate.mm in Sources */ = {isa = PBXBuildFile; fileRef = 13B07FB01A68108700A75B9A /* AppDelegate.mm */; };
		13B07FBF1A68108700A75B9A /* Images.xcassets in Resources */ = {isa = PBXBuildFile; fileRef = 13B07FB51A68108700A75B9A /* Images.xcassets */; };
		13B07FC11A68108700A75B9A /* main.m in Sources */ = {isa = PBXBuildFile; fileRef = 13B07FB71A68108700A75B9A /* main.m */; };
		7699B88040F8A987B510C191 /* libPods-velocity_task-velocity_taskTests.a in Frameworks */ = {isa = PBXBuildFile; fileRef = 19F6CBCC0A4E27FBF8BF4A61 /* libPods-velocity_task-velocity_taskTests.a */; };
		81AB9BB82411601600AC10FF /* LaunchScreen.storyboard in Resources */ = {isa = PBXBuildFile; fileRef = 81AB9BB72411601600AC10FF /* LaunchScreen.storyboard */; };
		525D4336EBB84C8186125DE2 /* africa.jpg in Resources */ = {isa = PBXBuildFile; fileRef = B0A299B78FC84FBAB10E09D8 /* africa.jpg */; };
		0B736ECF03754298BC7D50F5 /* assistant.png in Resources */ = {isa = PBXBuildFile; fileRef = D2A1FE0BF81E4C39BF6F50A3 /* assistant.png */; };
		201C9910A05045079CDBE2F0 /* bell.webp in Resources */ = {isa = PBXBuildFile; fileRef = 45A0C031CDEF4E9EB4FED29C /* bell.webp */; };
		1D334AA4AFD34158BF3EE2D7 /* button.png in Resources */ = {isa = PBXBuildFile; fileRef = 44946C243A9D4C20AF0DA467 /* button.png */; };
		0273564EA9F5457289A76937 /* color.png in Resources */ = {isa = PBXBuildFile; fileRef = 0330C12E8F0B47679248C5BA /* color.png */; };
		83870BBD2526459380E1814A /* deadpool.png in Resources */ = {isa = PBXBuildFile; fileRef = D20EFA9F8F1B4F4EAE38613D /* deadpool.png */; };
		3764F3BEF0A64251BB59A714 /* dr.jpg in Resources */ = {isa = PBXBuildFile; fileRef = F13B79B533EB4251BFBE031C /* dr.jpg */; };
		B6AF19D2174F4B469F99A046 /* dr.png in Resources */ = {isa = PBXBuildFile; fileRef = 5A1FAF88616B430999F2F0B2 /* dr.png */; };
		186F9F66440D4C6386D2C6FD /* filter.png in Resources */ = {isa = PBXBuildFile; fileRef = 7C1ACBF2EC08468D8B908229 /* filter.png */; };
		33A60C4B503B419B976AE797 /* hulk.png in Resources */ = {isa = PBXBuildFile; fileRef = A8BCBBE166E54DECB6DA326B /* hulk.png */; };
		CC6DBF9C7B1C4BA4BA901EB7 /* ind.png in Resources */ = {isa = PBXBuildFile; fileRef = 90D43AC528B24DBB95C4DE31 /* ind.png */; };
		2C012857B82345A793979B21 /* ironman.jpg in Resources */ = {isa = PBXBuildFile; fileRef = 3B41DE6EAE0E4A09BB5E9F90 /* ironman.jpg */; };
		5B090C87EE21453FBE4D534C /* italy.jpg in Resources */ = {isa = PBXBuildFile; fileRef = 2D56F9762A0544C996F93379 /* italy.jpg */; };
		61286B86F70F4A09BDF0D104 /* makeup.png in Resources */ = {isa = PBXBuildFile; fileRef = F51DC87FE584412DA540408E /* makeup.png */; };
		0BDF04D1B9BA40CC85F65AE7 /* marvel.jpg in Resources */ = {isa = PBXBuildFile; fileRef = B6994116A34741AC9D44D7CC /* marvel.jpg */; };
		DA20EB675EE04AD0ABADF41C /* mehendi.jpg in Resources */ = {isa = PBXBuildFile; fileRef = EFE82503138A493D97DA9D22 /* mehendi.jpg */; };
		800DF6EFF9764E94AFB640F4 /* photo.png in Resources */ = {isa = PBXBuildFile; fileRef = 9A62E00BD22D4DDEA17B00AF /* photo.png */; };
		4E882406C6B242B7A83225B2 /* rdj.jpg in Resources */ = {isa = PBXBuildFile; fileRef = 2576E47E93704803A26C2ACD /* rdj.jpg */; };
		75FCEC2B671D48218E7C71F0 /* sam.jpg in Resources */ = {isa = PBXBuildFile; fileRef = 0321488DDA9940239EC274D6 /* sam.jpg */; };
		E5014623472149D98AE83AEC /* scarlet.jpg in Resources */ = {isa = PBXBuildFile; fileRef = 82077A1E9556468D8E3E6854 /* scarlet.jpg */; };
		D9D35FD37F734D709CC0D8FE /* scarlet.png in Resources */ = {isa = PBXBuildFile; fileRef = FD0C49C1F45B40C68260FB66 /* scarlet.png */; };
		C565074A36594287B309E0CB /* search.jpg in Resources */ = {isa = PBXBuildFile; fileRef = 7D403091699646A5BBD364AF /* search.jpg */; };
		44F2333CDFB742BF93A1E028 /* spain.png in Resources */ = {isa = PBXBuildFile; fileRef = 649BE9C826BA435D8372CC5B /* spain.png */; };
		E7305BDEFFD4473497C98839 /* spiderman.jpg in Resources */ = {isa = PBXBuildFile; fileRef = CBC1F9E931C64984A73986CE /* spiderman.jpg */; };
		FA4C9A391FFC4EDF950425EC /* stan.png in Resources */ = {isa = PBXBuildFile; fileRef = B4B9906F75134C98914C803B /* stan.png */; };
		7727863AC74A42A28CB4F157 /* thanos.webp in Resources */ = {isa = PBXBuildFile; fileRef = BA62AF5880494CB9BB642FC4 /* thanos.webp */; };
		A3C48E7ED424421286A7EBBA /* thor.webp in Resources */ = {isa = PBXBuildFile; fileRef = 1C05192B638448A287F95386 /* thor.webp */; };
		ECB02C085A6049B2B3F77DCA /* ultron.webp in Resources */ = {isa = PBXBuildFile; fileRef = 3C2C3D438F674DBDAE0FAB5A /* ultron.webp */; };
		5160E699B3844A4E88D4D920 /* venom.jpg in Resources */ = {isa = PBXBuildFile; fileRef = E37299AD234C4C288764EA40 /* venom.jpg */; };
		86DE6F358E8342248B4D72FB /* wolverine.jpg in Resources */ = {isa = PBXBuildFile; fileRef = 108DFE262512489790E98DE9 /* wolverine.jpg */; };
		4F0DCA6F60E242358B540A34 /* tab.png in Resources */ = {isa = PBXBuildFile; fileRef = 4CB63656B30B436EA90D2EA3 /* tab.png */; };
		BABE0EEC84C34DA0A0DCC35B /* arg.jpg in Resources */ = {isa = PBXBuildFile; fileRef = 46BECEAE3D514B94A1231E43 /* arg.jpg */; };
		E7C94C8AECEE499E85080014 /* astrologer.jpg in Resources */ = {isa = PBXBuildFile; fileRef = 5FB15084DCF741DD9EF86C6B /* astrologer.jpg */; };
		45A0D52CB38E400192F83211 /* aus.jpg in Resources */ = {isa = PBXBuildFile; fileRef = 6A0090ADF1C349EA8CC2CE83 /* aus.jpg */; };
		08C89175594E4E5CBDD0430F /* hulk.jpg in Resources */ = {isa = PBXBuildFile; fileRef = 87674775996647F59B0847E1 /* hulk.jpg */; };
/* End PBXBuildFile section */

/* Begin PBXContainerItemProxy section */
		00E356F41AD99517003FC87E /* PBXContainerItemProxy */ = {
			isa = PBXContainerItemProxy;
			containerPortal = 83CBB9F71A601CBA00E9B192 /* Project object */;
			proxyType = 1;
			remoteGlobalIDString = 13B07F861A680F5B00A75B9A;
			remoteInfo = velocity_task;
		};
/* End PBXContainerItemProxy section */

/* Begin PBXFileReference section */
		00E356EE1AD99517003FC87E /* velocity_taskTests.xctest */ = {isa = PBXFileReference; explicitFileType = wrapper.cfbundle; includeInIndex = 0; path = velocity_taskTests.xctest; sourceTree = BUILT_PRODUCTS_DIR; };
		00E356F11AD99517003FC87E /* Info.plist */ = {isa = PBXFileReference; lastKnownFileType = text.plist.xml; path = Info.plist; sourceTree = "<group>"; };
		00E356F21AD99517003FC87E /* velocity_taskTests.m */ = {isa = PBXFileReference; lastKnownFileType = sourcecode.c.objc; path = velocity_taskTests.m; sourceTree = "<group>"; };
		13B07F961A680F5B00A75B9A /* velocity_task.app */ = {isa = PBXFileReference; explicitFileType = wrapper.application; includeInIndex = 0; path = velocity_task.app; sourceTree = BUILT_PRODUCTS_DIR; };
		13B07FAF1A68108700A75B9A /* AppDelegate.h */ = {isa = PBXFileReference; fileEncoding = 4; lastKnownFileType = sourcecode.c.h; name = AppDelegate.h; path = velocity_task/AppDelegate.h; sourceTree = "<group>"; };
		13B07FB01A68108700A75B9A /* AppDelegate.mm */ = {isa = PBXFileReference; fileEncoding = 4; lastKnownFileType = sourcecode.cpp.objcpp; name = AppDelegate.mm; path = velocity_task/AppDelegate.mm; sourceTree = "<group>"; };
		13B07FB51A68108700A75B9A /* Images.xcassets */ = {isa = PBXFileReference; lastKnownFileType = folder.assetcatalog; name = Images.xcassets; path = velocity_task/Images.xcassets; sourceTree = "<group>"; };
		13B07FB61A68108700A75B9A /* Info.plist */ = {isa = PBXFileReference; fileEncoding = 4; lastKnownFileType = text.plist.xml; name = Info.plist; path = velocity_task/Info.plist; sourceTree = "<group>"; };
		13B07FB71A68108700A75B9A /* main.m */ = {isa = PBXFileReference; fileEncoding = 4; lastKnownFileType = sourcecode.c.objc; name = main.m; path = velocity_task/main.m; sourceTree = "<group>"; };
		13B07FB81A68108700A75B9A /* PrivacyInfo.xcprivacy */ = {isa = PBXFileReference; fileEncoding = 4; lastKnownFileType = text.plist.xml; name = PrivacyInfo.xcprivacy; path = velocity_task/PrivacyInfo.xcprivacy; sourceTree = "<group>"; };
		19F6CBCC0A4E27FBF8BF4A61 /* libPods-velocity_task-velocity_taskTests.a */ = {isa = PBXFileReference; explicitFileType = archive.ar; includeInIndex = 0; path = "libPods-velocity_task-velocity_taskTests.a"; sourceTree = BUILT_PRODUCTS_DIR; };
		3B4392A12AC88292D35C810B /* Pods-velocity_task.debug.xcconfig */ = {isa = PBXFileReference; includeInIndex = 1; lastKnownFileType = text.xcconfig; name = "Pods-velocity_task.debug.xcconfig"; path = "Target Support Files/Pods-velocity_task/Pods-velocity_task.debug.xcconfig"; sourceTree = "<group>"; };
		3DCC6A87005E98D33CDE3FE3 /* PrivacyInfo.xcprivacy */ = {isa = PBXFileReference; includeInIndex = 1; name = PrivacyInfo.xcprivacy; path = velocity_task/PrivacyInfo.xcprivacy; sourceTree = "<group>"; };
		5709B34CF0A7D63546082F79 /* Pods-velocity_task.release.xcconfig */ = {isa = PBXFileReference; includeInIndex = 1; lastKnownFileType = text.xcconfig; name = "Pods-velocity_task.release.xcconfig"; path = "Target Support Files/Pods-velocity_task/Pods-velocity_task.release.xcconfig"; sourceTree = "<group>"; };
		5B7EB9410499542E8C5724F5 /* Pods-velocity_task-velocity_taskTests.debug.xcconfig */ = {isa = PBXFileReference; includeInIndex = 1; lastKnownFileType = text.xcconfig; name = "Pods-velocity_task-velocity_taskTests.debug.xcconfig"; path = "Target Support Files/Pods-velocity_task-velocity_taskTests/Pods-velocity_task-velocity_taskTests.debug.xcconfig"; sourceTree = "<group>"; };
		5DCACB8F33CDC322A6C60F78 /* libPods-velocity_task.a */ = {isa = PBXFileReference; explicitFileType = archive.ar; includeInIndex = 0; path = "libPods-velocity_task.a"; sourceTree = BUILT_PRODUCTS_DIR; };
		81AB9BB72411601600AC10FF /* LaunchScreen.storyboard */ = {isa = PBXFileReference; fileEncoding = 4; lastKnownFileType = file.storyboard; name = LaunchScreen.storyboard; path = velocity_task/LaunchScreen.storyboard; sourceTree = "<group>"; };
		89C6BE57DB24E9ADA2F236DE /* Pods-velocity_task-velocity_taskTests.release.xcconfig */ = {isa = PBXFileReference; includeInIndex = 1; lastKnownFileType = text.xcconfig; name = "Pods-velocity_task-velocity_taskTests.release.xcconfig"; path = "Target Support Files/Pods-velocity_task-velocity_taskTests/Pods-velocity_task-velocity_taskTests.release.xcconfig"; sourceTree = "<group>"; };
		ED297162215061F000B7C4FE /* JavaScriptCore.framework */ = {isa = PBXFileReference; lastKnownFileType = wrapper.framework; name = JavaScriptCore.framework; path = System/Library/Frameworks/JavaScriptCore.framework; sourceTree = SDKROOT; };
		B0A299B78FC84FBAB10E09D8 /* africa.jpg */ = {isa = PBXFileReference; name = "africa.jpg"; path = "../src/assets/africa.jpg"; sourceTree = "<group>"; fileEncoding = undefined; lastKnownFileType = unknown; explicitFileType = undefined; includeInIndex = 0; };
		D2A1FE0BF81E4C39BF6F50A3 /* assistant.png */ = {isa = PBXFileReference; name = "assistant.png"; path = "../src/assets/assistant.png"; sourceTree = "<group>"; fileEncoding = undefined; lastKnownFileType = unknown; explicitFileType = undefined; includeInIndex = 0; };
		45A0C031CDEF4E9EB4FED29C /* bell.webp */ = {isa = PBXFileReference; name = "bell.webp"; path = "../src/assets/bell.webp"; sourceTree = "<group>"; fileEncoding = undefined; lastKnownFileType = unknown; explicitFileType = undefined; includeInIndex = 0; };
		44946C243A9D4C20AF0DA467 /* button.png */ = {isa = PBXFileReference; name = "button.png"; path = "../src/assets/button.png"; sourceTree = "<group>"; fileEncoding = undefined; lastKnownFileType = unknown; explicitFileType = undefined; includeInIndex = 0; };
		0330C12E8F0B47679248C5BA /* color.png */ = {isa = PBXFileReference; name = "color.png"; path = "../src/assets/color.png"; sourceTree = "<group>"; fileEncoding = undefined; lastKnownFileType = unknown; explicitFileType = undefined; includeInIndex = 0; };
		D20EFA9F8F1B4F4EAE38613D /* deadpool.png */ = {isa = PBXFileReference; name = "deadpool.png"; path = "../src/assets/deadpool.png"; sourceTree = "<group>"; fileEncoding = undefined; lastKnownFileType = unknown; explicitFileType = undefined; includeInIndex = 0; };
		F13B79B533EB4251BFBE031C /* dr.jpg */ = {isa = PBXFileReference; name = "dr.jpg"; path = "../src/assets/dr.jpg"; sourceTree = "<group>"; fileEncoding = undefined; lastKnownFileType = unknown; explicitFileType = undefined; includeInIndex = 0; };
		5A1FAF88616B430999F2F0B2 /* dr.png */ = {isa = PBXFileReference; name = "dr.png"; path = "../src/assets/dr.png"; sourceTree = "<group>"; fileEncoding = undefined; lastKnownFileType = unknown; explicitFileType = undefined; includeInIndex = 0; };
		7C1ACBF2EC08468D8B908229 /* filter.png */ = {isa = PBXFileReference; name = "filter.png"; path = "../src/assets/filter.png"; sourceTree = "<group>"; fileEncoding = undefined; lastKnownFileType = unknown; explicitFileType = undefined; includeInIndex = 0; };
		A8BCBBE166E54DECB6DA326B /* hulk.png */ = {isa = PBXFileReference; name = "hulk.png"; path = "../src/assets/hulk.png"; sourceTree = "<group>"; fileEncoding = undefined; lastKnownFileType = unknown; explicitFileType = undefined; includeInIndex = 0; };
		90D43AC528B24DBB95C4DE31 /* ind.png */ = {isa = PBXFileReference; name = "ind.png"; path = "../src/assets/ind.png"; sourceTree = "<group>"; fileEncoding = undefined; lastKnownFileType = unknown; explicitFileType = undefined; includeInIndex = 0; };
		3B41DE6EAE0E4A09BB5E9F90 /* ironman.jpg */ = {isa = PBXFileReference; name = "ironman.jpg"; path = "../src/assets/ironman.jpg"; sourceTree = "<group>"; fileEncoding = undefined; lastKnownFileType = unknown; explicitFileType = undefined; includeInIndex = 0; };
		2D56F9762A0544C996F93379 /* italy.jpg */ = {isa = PBXFileReference; name = "italy.jpg"; path = "../src/assets/italy.jpg"; sourceTree = "<group>"; fileEncoding = undefined; lastKnownFileType = unknown; explicitFileType = undefined; includeInIndex = 0; };
		F51DC87FE584412DA540408E /* makeup.png */ = {isa = PBXFileReference; name = "makeup.png"; path = "../src/assets/makeup.png"; sourceTree = "<group>"; fileEncoding = undefined; lastKnownFileType = unknown; explicitFileType = undefined; includeInIndex = 0; };
		B6994116A34741AC9D44D7CC /* marvel.jpg */ = {isa = PBXFileReference; name = "marvel.jpg"; path = "../src/assets/marvel.jpg"; sourceTree = "<group>"; fileEncoding = undefined; lastKnownFileType = unknown; explicitFileType = undefined; includeInIndex = 0; };
		EFE82503138A493D97DA9D22 /* mehendi.jpg */ = {isa = PBXFileReference; name = "mehendi.jpg"; path = "../src/assets/mehendi.jpg"; sourceTree = "<group>"; fileEncoding = undefined; lastKnownFileType = unknown; explicitFileType = undefined; includeInIndex = 0; };
		9A62E00BD22D4DDEA17B00AF /* photo.png */ = {isa = PBXFileReference; name = "photo.png"; path = "../src/assets/photo.png"; sourceTree = "<group>"; fileEncoding = undefined; lastKnownFileType = unknown; explicitFileType = undefined; includeInIndex = 0; };
		2576E47E93704803A26C2ACD /* rdj.jpg */ = {isa = PBXFileReference; name = "rdj.jpg"; path = "../src/assets/rdj.jpg"; sourceTree = "<group>"; fileEncoding = undefined; lastKnownFileType = unknown; explicitFileType = undefined; includeInIndex = 0; };
		0321488DDA9940239EC274D6 /* sam.jpg */ = {isa = PBXFileReference; name = "sam.jpg"; path = "../src/assets/sam.jpg"; sourceTree = "<group>"; fileEncoding = undefined; lastKnownFileType = unknown; explicitFileType = undefined; includeInIndex = 0; };
		82077A1E9556468D8E3E6854 /* scarlet.jpg */ = {isa = PBXFileReference; name = "scarlet.jpg"; path = "../src/assets/scarlet.jpg"; sourceTree = "<group>"; fileEncoding = undefined; lastKnownFileType = unknown; explicitFileType = undefined; includeInIndex = 0; };
		FD0C49C1F45B40C68260FB66 /* scarlet.png */ = {isa = PBXFileReference; name = "scarlet.png"; path = "../src/assets/scarlet.png"; sourceTree = "<group>"; fileEncoding = undefined; lastKnownFileType = unknown; explicitFileType = undefined; includeInIndex = 0; };
		7D403091699646A5BBD364AF /* search.jpg */ = {isa = PBXFileReference; name = "search.jpg"; path = "../src/assets/search.jpg"; sourceTree = "<group>"; fileEncoding = undefined; lastKnownFileType = unknown; explicitFileType = undefined; includeInIndex = 0; };
		649BE9C826BA435D8372CC5B /* spain.png */ = {isa = PBXFileReference; name = "spain.png"; path = "../src/assets/spain.png"; sourceTree = "<group>"; fileEncoding = undefined; lastKnownFileType = unknown; explicitFileType = undefined; includeInIndex = 0; };
		CBC1F9E931C64984A73986CE /* spiderman.jpg */ = {isa = PBXFileReference; name = "spiderman.jpg"; path = "../src/assets/spiderman.jpg"; sourceTree = "<group>"; fileEncoding = undefined; lastKnownFileType = unknown; explicitFileType = undefined; includeInIndex = 0; };
		B4B9906F75134C98914C803B /* stan.png */ = {isa = PBXFileReference; name = "stan.png"; path = "../src/assets/stan.png"; sourceTree = "<group>"; fileEncoding = undefined; lastKnownFileType = unknown; explicitFileType = undefined; includeInIndex = 0; };
		BA62AF5880494CB9BB642FC4 /* thanos.webp */ = {isa = PBXFileReference; name = "thanos.webp"; path = "../src/assets/thanos.webp"; sourceTree = "<group>"; fileEncoding = undefined; lastKnownFileType = unknown; explicitFileType = undefined; includeInIndex = 0; };
		1C05192B638448A287F95386 /* thor.webp */ = {isa = PBXFileReference; name = "thor.webp"; path = "../src/assets/thor.webp"; sourceTree = "<group>"; fileEncoding = undefined; lastKnownFileType = unknown; explicitFileType = undefined; includeInIndex = 0; };
		3C2C3D438F674DBDAE0FAB5A /* ultron.webp */ = {isa = PBXFileReference; name = "ultron.webp"; path = "../src/assets/ultron.webp"; sourceTree = "<group>"; fileEncoding = undefined; lastKnownFileType = unknown; explicitFileType = undefined; includeInIndex = 0; };
		E37299AD234C4C288764EA40 /* venom.jpg */ = {isa = PBXFileReference; name = "venom.jpg"; path = "../src/assets/venom.jpg"; sourceTree = "<group>"; fileEncoding = undefined; lastKnownFileType = unknown; explicitFileType = undefined; includeInIndex = 0; };
		108DFE262512489790E98DE9 /* wolverine.jpg */ = {isa = PBXFileReference; name = "wolverine.jpg"; path = "../src/assets/wolverine.jpg"; sourceTree = "<group>"; fileEncoding = undefined; lastKnownFileType = unknown; explicitFileType = undefined; includeInIndex = 0; };
		4CB63656B30B436EA90D2EA3 /* tab.png */ = {isa = PBXFileReference; name = "tab.png"; path = "../src/assets/tab.png"; sourceTree = "<group>"; fileEncoding = undefined; lastKnownFileType = unknown; explicitFileType = undefined; includeInIndex = 0; };
		46BECEAE3D514B94A1231E43 /* arg.jpg */ = {isa = PBXFileReference; name = "arg.jpg"; path = "../src/assets/arg.jpg"; sourceTree = "<group>"; fileEncoding = undefined; lastKnownFileType = unknown; explicitFileType = undefined; includeInIndex = 0; };
		5FB15084DCF741DD9EF86C6B /* astrologer.jpg */ = {isa = PBXFileReference; name = "astrologer.jpg"; path = "../src/assets/astrologer.jpg"; sourceTree = "<group>"; fileEncoding = undefined; lastKnownFileType = unknown; explicitFileType = undefined; includeInIndex = 0; };
		6A0090ADF1C349EA8CC2CE83 /* aus.jpg */ = {isa = PBXFileReference; name = "aus.jpg"; path = "../src/assets/aus.jpg"; sourceTree = "<group>"; fileEncoding = undefined; lastKnownFileType = unknown; explicitFileType = undefined; includeInIndex = 0; };
		87674775996647F59B0847E1 /* hulk.jpg */ = {isa = PBXFileReference; name = "hulk.jpg"; path = "../src/assets/hulk.jpg"; sourceTree = "<group>"; fileEncoding = undefined; lastKnownFileType = unknown; explicitFileType = undefined; includeInIndex = 0; };
/* End PBXFileReference section */

/* Begin PBXFrameworksBuildPhase section */
		00E356EB1AD99517003FC87E /* Frameworks */ = {
			isa = PBXFrameworksBuildPhase;
			buildActionMask = 2147483647;
			files = (
				7699B88040F8A987B510C191 /* libPods-velocity_task-velocity_taskTests.a in Frameworks */,
			);
			runOnlyForDeploymentPostprocessing = 0;
		};
		13B07F8C1A680F5B00A75B9A /* Frameworks */ = {
			isa = PBXFrameworksBuildPhase;
			buildActionMask = 2147483647;
			files = (
				0C80B921A6F3F58F76C31292 /* libPods-velocity_task.a in Frameworks */,
			);
			runOnlyForDeploymentPostprocessing = 0;
		};
/* End PBXFrameworksBuildPhase section */

/* Begin PBXGroup section */
		00E356EF1AD99517003FC87E /* velocity_taskTests */ = {
			isa = PBXGroup;
			children = (
				00E356F21AD99517003FC87E /* velocity_taskTests.m */,
				00E356F01AD99517003FC87E /* Supporting Files */,
			);
			path = velocity_taskTests;
			sourceTree = "<group>";
		};
		00E356F01AD99517003FC87E /* Supporting Files */ = {
			isa = PBXGroup;
			children = (
				00E356F11AD99517003FC87E /* Info.plist */,
			);
			name = "Supporting Files";
			sourceTree = "<group>";
		};
		13B07FAE1A68108700A75B9A /* velocity_task */ = {
			isa = PBXGroup;
			children = (
				13B07FAF1A68108700A75B9A /* AppDelegate.h */,
				13B07FB01A68108700A75B9A /* AppDelegate.mm */,
				13B07FB51A68108700A75B9A /* Images.xcassets */,
				13B07FB61A68108700A75B9A /* Info.plist */,
				81AB9BB72411601600AC10FF /* LaunchScreen.storyboard */,
				13B07FB71A68108700A75B9A /* main.m */,
				13B07FB81A68108700A75B9A /* PrivacyInfo.xcprivacy */,
				3DCC6A87005E98D33CDE3FE3 /* PrivacyInfo.xcprivacy */,
			);
			name = velocity_task;
			sourceTree = "<group>";
		};
		2D16E6871FA4F8E400B85C8A /* Frameworks */ = {
			isa = PBXGroup;
			children = (
				ED297162215061F000B7C4FE /* JavaScriptCore.framework */,
				5DCACB8F33CDC322A6C60F78 /* libPods-velocity_task.a */,
				19F6CBCC0A4E27FBF8BF4A61 /* libPods-velocity_task-velocity_taskTests.a */,
			);
			name = Frameworks;
			sourceTree = "<group>";
		};
		832341AE1AAA6A7D00B99B32 /* Libraries */ = {
			isa = PBXGroup;
			children = (
			);
			name = Libraries;
			sourceTree = "<group>";
		};
		83CBB9F61A601CBA00E9B192 = {
			isa = PBXGroup;
			children = (
				13B07FAE1A68108700A75B9A /* velocity_task */,
				832341AE1AAA6A7D00B99B32 /* Libraries */,
				00E356EF1AD99517003FC87E /* velocity_taskTests */,
				83CBBA001A601CBA00E9B192 /* Products */,
				2D16E6871FA4F8E400B85C8A /* Frameworks */,
				BBD78D7AC51CEA395F1C20DB /* Pods */,
				CE9D95F71C3747B3B1CC9050 /* Resources */,
			);
			indentWidth = 2;
			sourceTree = "<group>";
			tabWidth = 2;
			usesTabs = 0;
		};
		83CBBA001A601CBA00E9B192 /* Products */ = {
			isa = PBXGroup;
			children = (
				13B07F961A680F5B00A75B9A /* velocity_task.app */,
				00E356EE1AD99517003FC87E /* velocity_taskTests.xctest */,
			);
			name = Products;
			sourceTree = "<group>";
		};
		BBD78D7AC51CEA395F1C20DB /* Pods */ = {
			isa = PBXGroup;
			children = (
				3B4392A12AC88292D35C810B /* Pods-velocity_task.debug.xcconfig */,
				5709B34CF0A7D63546082F79 /* Pods-velocity_task.release.xcconfig */,
				5B7EB9410499542E8C5724F5 /* Pods-velocity_task-velocity_taskTests.debug.xcconfig */,
				89C6BE57DB24E9ADA2F236DE /* Pods-velocity_task-velocity_taskTests.release.xcconfig */,
			);
			path = Pods;
			sourceTree = "<group>";
		};
		CE9D95F71C3747B3B1CC9050 /* Resources */ = {
			isa = "PBXGroup";
			children = (
				B0A299B78FC84FBAB10E09D8 /* africa.jpg */,
				D2A1FE0BF81E4C39BF6F50A3 /* assistant.png */,
				45A0C031CDEF4E9EB4FED29C /* bell.webp */,
				44946C243A9D4C20AF0DA467 /* button.png */,
				0330C12E8F0B47679248C5BA /* color.png */,
				D20EFA9F8F1B4F4EAE38613D /* deadpool.png */,
				F13B79B533EB4251BFBE031C /* dr.jpg */,
				5A1FAF88616B430999F2F0B2 /* dr.png */,
				7C1ACBF2EC08468D8B908229 /* filter.png */,
				A8BCBBE166E54DECB6DA326B /* hulk.png */,
				90D43AC528B24DBB95C4DE31 /* ind.png */,
				3B41DE6EAE0E4A09BB5E9F90 /* ironman.jpg */,
				2D56F9762A0544C996F93379 /* italy.jpg */,
				F51DC87FE584412DA540408E /* makeup.png */,
				B6994116A34741AC9D44D7CC /* marvel.jpg */,
				EFE82503138A493D97DA9D22 /* mehendi.jpg */,
				9A62E00BD22D4DDEA17B00AF /* photo.png */,
				2576E47E93704803A26C2ACD /* rdj.jpg */,
				0321488DDA9940239EC274D6 /* sam.jpg */,
				82077A1E9556468D8E3E6854 /* scarlet.jpg */,
				FD0C49C1F45B40C68260FB66 /* scarlet.png */,
				7D403091699646A5BBD364AF /* search.jpg */,
				649BE9C826BA435D8372CC5B /* spain.png */,
				CBC1F9E931C64984A73986CE /* spiderman.jpg */,
				B4B9906F75134C98914C803B /* stan.png */,
				BA62AF5880494CB9BB642FC4 /* thanos.webp */,
				1C05192B638448A287F95386 /* thor.webp */,
				3C2C3D438F674DBDAE0FAB5A /* ultron.webp */,
				E37299AD234C4C288764EA40 /* venom.jpg */,
				108DFE262512489790E98DE9 /* wolverine.jpg */,
				4CB63656B30B436EA90D2EA3 /* tab.png */,
				46BECEAE3D514B94A1231E43 /* arg.jpg */,
				5FB15084DCF741DD9EF86C6B /* astrologer.jpg */,
				6A0090ADF1C349EA8CC2CE83 /* aus.jpg */,
				87674775996647F59B0847E1 /* hulk.jpg */,
			);
			name = Resources;
			sourceTree = "<group>";
			path = "";
		};
/* End PBXGroup section */

/* Begin PBXNativeTarget section */
		00E356ED1AD99517003FC87E /* velocity_taskTests */ = {
			isa = PBXNativeTarget;
			buildConfigurationList = 00E357021AD99517003FC87E /* Build configuration list for PBXNativeTarget "velocity_taskTests" */;
			buildPhases = (
				A55EABD7B0C7F3A422A6CC61 /* [CP] Check Pods Manifest.lock */,
				00E356EA1AD99517003FC87E /* Sources */,
				00E356EB1AD99517003FC87E /* Frameworks */,
				00E356EC1AD99517003FC87E /* Resources */,
				C59DA0FBD6956966B86A3779 /* [CP] Embed Pods Frameworks */,
				F6A41C54EA430FDDC6A6ED99 /* [CP] Copy Pods Resources */,
			);
			buildRules = (
			);
			dependencies = (
				00E356F51AD99517003FC87E /* PBXTargetDependency */,
			);
			name = velocity_taskTests;
			productName = velocity_taskTests;
			productReference = 00E356EE1AD99517003FC87E /* velocity_taskTests.xctest */;
			productType = "com.apple.product-type.bundle.unit-test";
		};
		13B07F861A680F5B00A75B9A /* velocity_task */ = {
			isa = PBXNativeTarget;
			buildConfigurationList = 13B07F931A680F5B00A75B9A /* Build configuration list for PBXNativeTarget "velocity_task" */;
			buildPhases = (
				C38B50BA6285516D6DCD4F65 /* [CP] Check Pods Manifest.lock */,
				13B07F871A680F5B00A75B9A /* Sources */,
				13B07F8C1A680F5B00A75B9A /* Frameworks */,
				13B07F8E1A680F5B00A75B9A /* Resources */,
				00DD1BFF1BD5951E006B06BC /* Bundle React Native code and images */,
				00EEFC60759A1932668264C0 /* [CP] Embed Pods Frameworks */,
				E235C05ADACE081382539298 /* [CP] Copy Pods Resources */,
			);
			buildRules = (
			);
			dependencies = (
			);
			name = velocity_task;
			productName = velocity_task;
			productReference = 13B07F961A680F5B00A75B9A /* velocity_task.app */;
			productType = "com.apple.product-type.application";
		};
/* End PBXNativeTarget section */

/* Begin PBXProject section */
		83CBB9F71A601CBA00E9B192 /* Project object */ = {
			isa = PBXProject;
			attributes = {
				LastUpgradeCheck = 1210;
				TargetAttributes = {
					00E356ED1AD99517003FC87E = {
						CreatedOnToolsVersion = 6.2;
						TestTargetID = 13B07F861A680F5B00A75B9A;
					};
					13B07F861A680F5B00A75B9A = {
						LastSwiftMigration = 1120;
					};
				};
			};
			buildConfigurationList = 83CBB9FA1A601CBA00E9B192 /* Build configuration list for PBXProject "velocity_task" */;
			compatibilityVersion = "Xcode 12.0";
			developmentRegion = en;
			hasScannedForEncodings = 0;
			knownRegions = (
				en,
				Base,
			);
			mainGroup = 83CBB9F61A601CBA00E9B192;
			productRefGroup = 83CBBA001A601CBA00E9B192 /* Products */;
			projectDirPath = "";
			projectRoot = "";
			targets = (
				13B07F861A680F5B00A75B9A /* velocity_task */,
				00E356ED1AD99517003FC87E /* velocity_taskTests */,
			);
		};
/* End PBXProject section */

/* Begin PBXResourcesBuildPhase section */
		00E356EC1AD99517003FC87E /* Resources */ = {
			isa = PBXResourcesBuildPhase;
			buildActionMask = 2147483647;
			files = (
			);
			runOnlyForDeploymentPostprocessing = 0;
		};
		13B07F8E1A680F5B00A75B9A /* Resources */ = {
			isa = PBXResourcesBuildPhase;
			buildActionMask = 2147483647;
			files = (
				81AB9BB82411601600AC10FF /* LaunchScreen.storyboard in Resources */,
				13B07FBF1A68108700A75B9A /* Images.xcassets in Resources */,
				0C771B51D885B90912D0EF4C /* PrivacyInfo.xcprivacy in Resources */,
				525D4336EBB84C8186125DE2 /* africa.jpg in Resources */,
				0B736ECF03754298BC7D50F5 /* assistant.png in Resources */,
				201C9910A05045079CDBE2F0 /* bell.webp in Resources */,
				1D334AA4AFD34158BF3EE2D7 /* button.png in Resources */,
				0273564EA9F5457289A76937 /* color.png in Resources */,
				83870BBD2526459380E1814A /* deadpool.png in Resources */,
				3764F3BEF0A64251BB59A714 /* dr.jpg in Resources */,
				B6AF19D2174F4B469F99A046 /* dr.png in Resources */,
				186F9F66440D4C6386D2C6FD /* filter.png in Resources */,
				33A60C4B503B419B976AE797 /* hulk.png in Resources */,
				CC6DBF9C7B1C4BA4BA901EB7 /* ind.png in Resources */,
				2C012857B82345A793979B21 /* ironman.jpg in Resources */,
				5B090C87EE21453FBE4D534C /* italy.jpg in Resources */,
				61286B86F70F4A09BDF0D104 /* makeup.png in Resources */,
				0BDF04D1B9BA40CC85F65AE7 /* marvel.jpg in Resources */,
				DA20EB675EE04AD0ABADF41C /* mehendi.jpg in Resources */,
				800DF6EFF9764E94AFB640F4 /* photo.png in Resources */,
				4E882406C6B242B7A83225B2 /* rdj.jpg in Resources */,
				75FCEC2B671D48218E7C71F0 /* sam.jpg in Resources */,
				E5014623472149D98AE83AEC /* scarlet.jpg in Resources */,
				D9D35FD37F734D709CC0D8FE /* scarlet.png in Resources */,
				C565074A36594287B309E0CB /* search.jpg in Resources */,
				44F2333CDFB742BF93A1E028 /* spain.png in Resources */,
				E7305BDEFFD4473497C98839 /* spiderman.jpg in Resources */,
				FA4C9A391FFC4EDF950425EC /* stan.png in Resources */,
				7727863AC74A42A28CB4F157 /* thanos.webp in Resources */,
				A3C48E7ED424421286A7EBBA /* thor.webp in Resources */,
				ECB02C085A6049B2B3F77DCA /* ultron.webp in Resources */,
				5160E699B3844A4E88D4D920 /* venom.jpg in Resources */,
				86DE6F358E8342248B4D72FB /* wolverine.jpg in Resources */,
				4F0DCA6F60E242358B540A34 /* tab.png in Resources */,
				BABE0EEC84C34DA0A0DCC35B /* arg.jpg in Resources */,
				E7C94C8AECEE499E85080014 /* astrologer.jpg in Resources */,
				45A0D52CB38E400192F83211 /* aus.jpg in Resources */,
				08C89175594E4E5CBDD0430F /* hulk.jpg in Resources */,
			);
			runOnlyForDeploymentPostprocessing = 0;
		};
/* End PBXResourcesBuildPhase section */

/* Begin PBXShellScriptBuildPhase section */
		00DD1BFF1BD5951E006B06BC /* Bundle React Native code and images */ = {
			isa = PBXShellScriptBuildPhase;
			buildActionMask = 2147483647;
			files = (
			);
			inputPaths = (
				"$(SRCROOT)/.xcode.env.local",
				"$(SRCROOT)/.xcode.env",
			);
			name = "Bundle React Native code and images";
			outputPaths = (
			);
			runOnlyForDeploymentPostprocessing = 0;
			shellPath = /bin/sh;
			shellScript = "set -e\n\nWITH_ENVIRONMENT=\"$REACT_NATIVE_PATH/scripts/xcode/with-environment.sh\"\nREACT_NATIVE_XCODE=\"$REACT_NATIVE_PATH/scripts/react-native-xcode.sh\"\n\n/bin/sh -c \"$WITH_ENVIRONMENT $REACT_NATIVE_XCODE\"\n";
		};
		00EEFC60759A1932668264C0 /* [CP] Embed Pods Frameworks */ = {
			isa = PBXShellScriptBuildPhase;
			buildActionMask = 2147483647;
			files = (
			);
			inputFileListPaths = (
				"${PODS_ROOT}/Target Support Files/Pods-velocity_task/Pods-velocity_task-frameworks-${CONFIGURATION}-input-files.xcfilelist",
			);
			name = "[CP] Embed Pods Frameworks";
			outputFileListPaths = (
				"${PODS_ROOT}/Target Support Files/Pods-velocity_task/Pods-velocity_task-frameworks-${CONFIGURATION}-output-files.xcfilelist",
			);
			runOnlyForDeploymentPostprocessing = 0;
			shellPath = /bin/sh;
			shellScript = "\"${PODS_ROOT}/Target Support Files/Pods-velocity_task/Pods-velocity_task-frameworks.sh\"\n";
			showEnvVarsInLog = 0;
		};
		A55EABD7B0C7F3A422A6CC61 /* [CP] Check Pods Manifest.lock */ = {
			isa = PBXShellScriptBuildPhase;
			buildActionMask = 2147483647;
			files = (
			);
			inputFileListPaths = (
			);
			inputPaths = (
				"${PODS_PODFILE_DIR_PATH}/Podfile.lock",
				"${PODS_ROOT}/Manifest.lock",
			);
			name = "[CP] Check Pods Manifest.lock";
			outputFileListPaths = (
			);
			outputPaths = (
				"$(DERIVED_FILE_DIR)/Pods-velocity_task-velocity_taskTests-checkManifestLockResult.txt",
			);
			runOnlyForDeploymentPostprocessing = 0;
			shellPath = /bin/sh;
			shellScript = "diff \"${PODS_PODFILE_DIR_PATH}/Podfile.lock\" \"${PODS_ROOT}/Manifest.lock\" > /dev/null\nif [ $? != 0 ] ; then\n    # print error to STDERR\n    echo \"error: The sandbox is not in sync with the Podfile.lock. Run 'pod install' or update your CocoaPods installation.\" >&2\n    exit 1\nfi\n# This output is used by Xcode 'outputs' to avoid re-running this script phase.\necho \"SUCCESS\" > \"${SCRIPT_OUTPUT_FILE_0}\"\n";
			showEnvVarsInLog = 0;
		};
		C38B50BA6285516D6DCD4F65 /* [CP] Check Pods Manifest.lock */ = {
			isa = PBXShellScriptBuildPhase;
			buildActionMask = 2147483647;
			files = (
			);
			inputFileListPaths = (
			);
			inputPaths = (
				"${PODS_PODFILE_DIR_PATH}/Podfile.lock",
				"${PODS_ROOT}/Manifest.lock",
			);
			name = "[CP] Check Pods Manifest.lock";
			outputFileListPaths = (
			);
			outputPaths = (
				"$(DERIVED_FILE_DIR)/Pods-velocity_task-checkManifestLockResult.txt",
			);
			runOnlyForDeploymentPostprocessing = 0;
			shellPath = /bin/sh;
			shellScript = "diff \"${PODS_PODFILE_DIR_PATH}/Podfile.lock\" \"${PODS_ROOT}/Manifest.lock\" > /dev/null\nif [ $? != 0 ] ; then\n    # print error to STDERR\n    echo \"error: The sandbox is not in sync with the Podfile.lock. Run 'pod install' or update your CocoaPods installation.\" >&2\n    exit 1\nfi\n# This output is used by Xcode 'outputs' to avoid re-running this script phase.\necho \"SUCCESS\" > \"${SCRIPT_OUTPUT_FILE_0}\"\n";
			showEnvVarsInLog = 0;
		};
		C59DA0FBD6956966B86A3779 /* [CP] Embed Pods Frameworks */ = {
			isa = PBXShellScriptBuildPhase;
			buildActionMask = 2147483647;
			files = (
			);
			inputFileListPaths = (
				"${PODS_ROOT}/Target Support Files/Pods-velocity_task-velocity_taskTests/Pods-velocity_task-velocity_taskTests-frameworks-${CONFIGURATION}-input-files.xcfilelist",
			);
			name = "[CP] Embed Pods Frameworks";
			outputFileListPaths = (
				"${PODS_ROOT}/Target Support Files/Pods-velocity_task-velocity_taskTests/Pods-velocity_task-velocity_taskTests-frameworks-${CONFIGURATION}-output-files.xcfilelist",
			);
			runOnlyForDeploymentPostprocessing = 0;
			shellPath = /bin/sh;
			shellScript = "\"${PODS_ROOT}/Target Support Files/Pods-velocity_task-velocity_taskTests/Pods-velocity_task-velocity_taskTests-frameworks.sh\"\n";
			showEnvVarsInLog = 0;
		};
		E235C05ADACE081382539298 /* [CP] Copy Pods Resources */ = {
			isa = PBXShellScriptBuildPhase;
			buildActionMask = 2147483647;
			files = (
			);
			inputFileListPaths = (
				"${PODS_ROOT}/Target Support Files/Pods-velocity_task/Pods-velocity_task-resources-${CONFIGURATION}-input-files.xcfilelist",
			);
			name = "[CP] Copy Pods Resources";
			outputFileListPaths = (
				"${PODS_ROOT}/Target Support Files/Pods-velocity_task/Pods-velocity_task-resources-${CONFIGURATION}-output-files.xcfilelist",
			);
			runOnlyForDeploymentPostprocessing = 0;
			shellPath = /bin/sh;
			shellScript = "\"${PODS_ROOT}/Target Support Files/Pods-velocity_task/Pods-velocity_task-resources.sh\"\n";
			showEnvVarsInLog = 0;
		};
		F6A41C54EA430FDDC6A6ED99 /* [CP] Copy Pods Resources */ = {
			isa = PBXShellScriptBuildPhase;
			buildActionMask = 2147483647;
			files = (
			);
			inputFileListPaths = (
				"${PODS_ROOT}/Target Support Files/Pods-velocity_task-velocity_taskTests/Pods-velocity_task-velocity_taskTests-resources-${CONFIGURATION}-input-files.xcfilelist",
			);
			name = "[CP] Copy Pods Resources";
			outputFileListPaths = (
				"${PODS_ROOT}/Target Support Files/Pods-velocity_task-velocity_taskTests/Pods-velocity_task-velocity_taskTests-resources-${CONFIGURATION}-output-files.xcfilelist",
			);
			runOnlyForDeploymentPostprocessing = 0;
			shellPath = /bin/sh;
			shellScript = "\"${PODS_ROOT}/Target Support Files/Pods-velocity_task-velocity_taskTests/Pods-velocity_task-velocity_taskTests-resources.sh\"\n";
			showEnvVarsInLog = 0;
		};
/* End PBXShellScriptBuildPhase section */

/* Begin PBXSourcesBuildPhase section */
		00E356EA1AD99517003FC87E /* Sources */ = {
			isa = PBXSourcesBuildPhase;
			buildActionMask = 2147483647;
			files = (
				00E356F31AD99517003FC87E /* velocity_taskTests.m in Sources */,
			);
			runOnlyForDeploymentPostprocessing = 0;
		};
		13B07F871A680F5B00A75B9A /* Sources */ = {
			isa = PBXSourcesBuildPhase;
			buildActionMask = 2147483647;
			files = (
				13B07FBC1A68108700A75B9A /* AppDelegate.mm in Sources */,
				13B07FC11A68108700A75B9A /* main.m in Sources */,
			);
			runOnlyForDeploymentPostprocessing = 0;
		};
/* End PBXSourcesBuildPhase section */

/* Begin PBXTargetDependency section */
		00E356F51AD99517003FC87E /* PBXTargetDependency */ = {
			isa = PBXTargetDependency;
			target = 13B07F861A680F5B00A75B9A /* velocity_task */;
			targetProxy = 00E356F41AD99517003FC87E /* PBXContainerItemProxy */;
		};
/* End PBXTargetDependency section */

/* Begin XCBuildConfiguration section */
		00E356F61AD99517003FC87E /* Debug */ = {
			isa = XCBuildConfiguration;
			baseConfigurationReference = 5B7EB9410499542E8C5724F5 /* Pods-velocity_task-velocity_taskTests.debug.xcconfig */;
			buildSettings = {
				BUNDLE_LOADER = "$(TEST_HOST)";
				GCC_PREPROCESSOR_DEFINITIONS = (
					"DEBUG=1",
					"$(inherited)",
				);
				INFOPLIST_FILE = velocity_taskTests/Info.plist;
				IPHONEOS_DEPLOYMENT_TARGET = 13.4;
				LD_RUNPATH_SEARCH_PATHS = (
					"$(inherited)",
					"@executable_path/Frameworks",
					"@loader_path/Frameworks",
				);
				OTHER_LDFLAGS = (
					"-ObjC",
					"-lc++",
					"$(inherited)",
				);
				PRODUCT_BUNDLE_IDENTIFIER = "org.reactjs.native.example.$(PRODUCT_NAME:rfc1034identifier)";
				PRODUCT_NAME = "$(TARGET_NAME)";
				TEST_HOST = "$(BUILT_PRODUCTS_DIR)/velocity_task.app/velocity_task";
			};
			name = Debug;
		};
		00E356F71AD99517003FC87E /* Release */ = {
			isa = XCBuildConfiguration;
			baseConfigurationReference = 89C6BE57DB24E9ADA2F236DE /* Pods-velocity_task-velocity_taskTests.release.xcconfig */;
			buildSettings = {
				BUNDLE_LOADER = "$(TEST_HOST)";
				COPY_PHASE_STRIP = NO;
				INFOPLIST_FILE = velocity_taskTests/Info.plist;
				IPHONEOS_DEPLOYMENT_TARGET = 13.4;
				LD_RUNPATH_SEARCH_PATHS = (
					"$(inherited)",
					"@executable_path/Frameworks",
					"@loader_path/Frameworks",
				);
				OTHER_LDFLAGS = (
					"-ObjC",
					"-lc++",
					"$(inherited)",
				);
				PRODUCT_BUNDLE_IDENTIFIER = "org.reactjs.native.example.$(PRODUCT_NAME:rfc1034identifier)";
				PRODUCT_NAME = "$(TARGET_NAME)";
				TEST_HOST = "$(BUILT_PRODUCTS_DIR)/velocity_task.app/velocity_task";
			};
			name = Release;
		};
		13B07F941A680F5B00A75B9A /* Debug */ = {
			isa = XCBuildConfiguration;
			baseConfigurationReference = 3B4392A12AC88292D35C810B /* Pods-velocity_task.debug.xcconfig */;
			buildSettings = {
				ASSETCATALOG_COMPILER_APPICON_NAME = AppIcon;
				CLANG_ENABLE_MODULES = YES;
				CURRENT_PROJECT_VERSION = 1;
				ENABLE_BITCODE = NO;
				INFOPLIST_FILE = velocity_task/Info.plist;
				LD_RUNPATH_SEARCH_PATHS = (
					"$(inherited)",
					"@executable_path/Frameworks",
				);
				MARKETING_VERSION = 1.0;
				OTHER_LDFLAGS = (
					"$(inherited)",
					"-ObjC",
					"-lc++",
				);
				PRODUCT_BUNDLE_IDENTIFIER = "org.reactjs.native.example.$(PRODUCT_NAME:rfc1034identifier)";
				PRODUCT_NAME = velocity_task;
				SWIFT_OPTIMIZATION_LEVEL = "-Onone";
				SWIFT_VERSION = 5.0;
				VERSIONING_SYSTEM = "apple-generic";
			};
			name = Debug;
		};
		13B07F951A680F5B00A75B9A /* Release */ = {
			isa = XCBuildConfiguration;
			baseConfigurationReference = 5709B34CF0A7D63546082F79 /* Pods-velocity_task.release.xcconfig */;
			buildSettings = {
				ASSETCATALOG_COMPILER_APPICON_NAME = AppIcon;
				CLANG_ENABLE_MODULES = YES;
				CURRENT_PROJECT_VERSION = 1;
				INFOPLIST_FILE = velocity_task/Info.plist;
				LD_RUNPATH_SEARCH_PATHS = (
					"$(inherited)",
					"@executable_path/Frameworks",
				);
				MARKETING_VERSION = 1.0;
				OTHER_LDFLAGS = (
					"$(inherited)",
					"-ObjC",
					"-lc++",
				);
				PRODUCT_BUNDLE_IDENTIFIER = "org.reactjs.native.example.$(PRODUCT_NAME:rfc1034identifier)";
				PRODUCT_NAME = velocity_task;
				SWIFT_VERSION = 5.0;
				VERSIONING_SYSTEM = "apple-generic";
			};
			name = Release;
		};
		83CBBA201A601CBA00E9B192 /* Debug */ = {
			isa = XCBuildConfiguration;
			buildSettings = {
				ALWAYS_SEARCH_USER_PATHS = NO;
				CC = "";
				CLANG_ANALYZER_LOCALIZABILITY_NONLOCALIZED = YES;
				CLANG_CXX_LANGUAGE_STANDARD = "c++20";
				CLANG_CXX_LIBRARY = "libc++";
				CLANG_ENABLE_MODULES = YES;
				CLANG_ENABLE_OBJC_ARC = YES;
				CLANG_WARN_BLOCK_CAPTURE_AUTORELEASING = YES;
				CLANG_WARN_BOOL_CONVERSION = YES;
				CLANG_WARN_COMMA = YES;
				CLANG_WARN_CONSTANT_CONVERSION = YES;
				CLANG_WARN_DEPRECATED_OBJC_IMPLEMENTATIONS = YES;
				CLANG_WARN_DIRECT_OBJC_ISA_USAGE = YES_ERROR;
				CLANG_WARN_EMPTY_BODY = YES;
				CLANG_WARN_ENUM_CONVERSION = YES;
				CLANG_WARN_INFINITE_RECURSION = YES;
				CLANG_WARN_INT_CONVERSION = YES;
				CLANG_WARN_NON_LITERAL_NULL_CONVERSION = YES;
				CLANG_WARN_OBJC_IMPLICIT_RETAIN_SELF = YES;
				CLANG_WARN_OBJC_LITERAL_CONVERSION = YES;
				CLANG_WARN_OBJC_ROOT_CLASS = YES_ERROR;
				CLANG_WARN_QUOTED_INCLUDE_IN_FRAMEWORK_HEADER = YES;
				CLANG_WARN_RANGE_LOOP_ANALYSIS = YES;
				CLANG_WARN_STRICT_PROTOTYPES = YES;
				CLANG_WARN_SUSPICIOUS_MOVE = YES;
				CLANG_WARN_UNREACHABLE_CODE = YES;
				CLANG_WARN__DUPLICATE_METHOD_MATCH = YES;
				"CODE_SIGN_IDENTITY[sdk=iphoneos*]" = "iPhone Developer";
				COPY_PHASE_STRIP = NO;
				CXX = "";
				ENABLE_STRICT_OBJC_MSGSEND = YES;
				ENABLE_TESTABILITY = YES;
				"EXCLUDED_ARCHS[sdk=iphonesimulator*]" = "";
				GCC_C_LANGUAGE_STANDARD = gnu99;
				GCC_DYNAMIC_NO_PIC = NO;
				GCC_NO_COMMON_BLOCKS = YES;
				GCC_OPTIMIZATION_LEVEL = 0;
				GCC_PREPROCESSOR_DEFINITIONS = (
					"DEBUG=1",
					"$(inherited)",
				);
				GCC_SYMBOLS_PRIVATE_EXTERN = NO;
				GCC_WARN_64_TO_32_BIT_CONVERSION = YES;
				GCC_WARN_ABOUT_RETURN_TYPE = YES_ERROR;
				GCC_WARN_UNDECLARED_SELECTOR = YES;
				GCC_WARN_UNINITIALIZED_AUTOS = YES_AGGRESSIVE;
				GCC_WARN_UNUSED_FUNCTION = YES;
				GCC_WARN_UNUSED_VARIABLE = YES;
				IPHONEOS_DEPLOYMENT_TARGET = 13.4;
				LD = "";
				LDPLUSPLUS = "";
				LD_RUNPATH_SEARCH_PATHS = (
					/usr/lib/swift,
					"$(inherited)",
				);
				LIBRARY_SEARCH_PATHS = (
					"\"$(SDKROOT)/usr/lib/swift\"",
					"\"$(TOOLCHAIN_DIR)/usr/lib/swift/$(PLATFORM_NAME)\"",
					"\"$(inherited)\"",
				);
				MTL_ENABLE_DEBUG_INFO = YES;
				ONLY_ACTIVE_ARCH = YES;
				OTHER_CPLUSPLUSFLAGS = (
					"$(OTHER_CFLAGS)",
					"-DFOLLY_NO_CONFIG",
					"-DFOLLY_MOBILE=1",
					"-DFOLLY_USE_LIBCPP=1",
					"-DFOLLY_CFG_NO_COROUTINES=1",
					"-DFOLLY_HAVE_CLOCK_GETTIME=1",
				);
				OTHER_LDFLAGS = (
					"$(inherited)",
					" ",
				);
				REACT_NATIVE_PATH = "${PODS_ROOT}/../../node_modules/react-native";
				SDKROOT = iphoneos;
				SWIFT_ACTIVE_COMPILATION_CONDITIONS = "$(inherited) DEBUG";
				USE_HERMES = true;
			};
			name = Debug;
		};
		83CBBA211A601CBA00E9B192 /* Release */ = {
			isa = XCBuildConfiguration;
			buildSettings = {
				ALWAYS_SEARCH_USER_PATHS = NO;
				CC = "";
				CLANG_ANALYZER_LOCALIZABILITY_NONLOCALIZED = YES;
				CLANG_CXX_LANGUAGE_STANDARD = "c++20";
				CLANG_CXX_LIBRARY = "libc++";
				CLANG_ENABLE_MODULES = YES;
				CLANG_ENABLE_OBJC_ARC = YES;
				CLANG_WARN_BLOCK_CAPTURE_AUTORELEASING = YES;
				CLANG_WARN_BOOL_CONVERSION = YES;
				CLANG_WARN_COMMA = YES;
				CLANG_WARN_CONSTANT_CONVERSION = YES;
				CLANG_WARN_DEPRECATED_OBJC_IMPLEMENTATIONS = YES;
				CLANG_WARN_DIRECT_OBJC_ISA_USAGE = YES_ERROR;
				CLANG_WARN_EMPTY_BODY = YES;
				CLANG_WARN_ENUM_CONVERSION = YES;
				CLANG_WARN_INFINITE_RECURSION = YES;
				CLANG_WARN_INT_CONVERSION = YES;
				CLANG_WARN_NON_LITERAL_NULL_CONVERSION = YES;
				CLANG_WARN_OBJC_IMPLICIT_RETAIN_SELF = YES;
				CLANG_WARN_OBJC_LITERAL_CONVERSION = YES;
				CLANG_WARN_OBJC_ROOT_CLASS = YES_ERROR;
				CLANG_WARN_QUOTED_INCLUDE_IN_FRAMEWORK_HEADER = YES;
				CLANG_WARN_RANGE_LOOP_ANALYSIS = YES;
				CLANG_WARN_STRICT_PROTOTYPES = YES;
				CLANG_WARN_SUSPICIOUS_MOVE = YES;
				CLANG_WARN_UNREACHABLE_CODE = YES;
				CLANG_WARN__DUPLICATE_METHOD_MATCH = YES;
				"CODE_SIGN_IDENTITY[sdk=iphoneos*]" = "iPhone Developer";
				COPY_PHASE_STRIP = YES;
				CXX = "";
				ENABLE_NS_ASSERTIONS = NO;
				ENABLE_STRICT_OBJC_MSGSEND = YES;
				"EXCLUDED_ARCHS[sdk=iphonesimulator*]" = "";
				GCC_C_LANGUAGE_STANDARD = gnu99;
				GCC_NO_COMMON_BLOCKS = YES;
				GCC_WARN_64_TO_32_BIT_CONVERSION = YES;
				GCC_WARN_ABOUT_RETURN_TYPE = YES_ERROR;
				GCC_WARN_UNDECLARED_SELECTOR = YES;
				GCC_WARN_UNINITIALIZED_AUTOS = YES_AGGRESSIVE;
				GCC_WARN_UNUSED_FUNCTION = YES;
				GCC_WARN_UNUSED_VARIABLE = YES;
				IPHONEOS_DEPLOYMENT_TARGET = 13.4;
				LD = "";
				LDPLUSPLUS = "";
				LD_RUNPATH_SEARCH_PATHS = (
					/usr/lib/swift,
					"$(inherited)",
				);
				LIBRARY_SEARCH_PATHS = (
					"\"$(SDKROOT)/usr/lib/swift\"",
					"\"$(TOOLCHAIN_DIR)/usr/lib/swift/$(PLATFORM_NAME)\"",
					"\"$(inherited)\"",
				);
				MTL_ENABLE_DEBUG_INFO = NO;
				OTHER_CPLUSPLUSFLAGS = (
					"$(OTHER_CFLAGS)",
					"-DFOLLY_NO_CONFIG",
					"-DFOLLY_MOBILE=1",
					"-DFOLLY_USE_LIBCPP=1",
					"-DFOLLY_CFG_NO_COROUTINES=1",
					"-DFOLLY_HAVE_CLOCK_GETTIME=1",
				);
				OTHER_LDFLAGS = (
					"$(inherited)",
					" ",
				);
				REACT_NATIVE_PATH = "${PODS_ROOT}/../../node_modules/react-native";
				SDKROOT = iphoneos;
				USE_HERMES = true;
				VALIDATE_PRODUCT = YES;
			};
			name = Release;
		};
/* End XCBuildConfiguration section */

/* Begin XCConfigurationList section */
		00E357021AD99517003FC87E /* Build configuration list for PBXNativeTarget "velocity_taskTests" */ = {
			isa = XCConfigurationList;
			buildConfigurations = (
				00E356F61AD99517003FC87E /* Debug */,
				00E356F71AD99517003FC87E /* Release */,
			);
			defaultConfigurationIsVisible = 0;
			defaultConfigurationName = Release;
		};
		13B07F931A680F5B00A75B9A /* Build configuration list for PBXNativeTarget "velocity_task" */ = {
			isa = XCConfigurationList;
			buildConfigurations = (
				13B07F941A680F5B00A75B9A /* Debug */,
				13B07F951A680F5B00A75B9A /* Release */,
			);
			defaultConfigurationIsVisible = 0;
			defaultConfigurationName = Release;
		};
		83CBB9FA1A601CBA00E9B192 /* Build configuration list for PBXProject "velocity_task" */ = {
			isa = XCConfigurationList;
			buildConfigurations = (
				83CBBA201A601CBA00E9B192 /* Debug */,
				83CBBA211A601CBA00E9B192 /* Release */,
			);
			defaultConfigurationIsVisible = 0;
			defaultConfigurationName = Release;
		};
/* End XCConfigurationList section */
	};
	rootObject = 83CBB9F71A601CBA00E9B192 /* Project object */;
}
